// !$*UTF8*$!
{
	archiveVersion = 1;
	classes = {
	};
	objectVersion = 77;
	objects = {

/* Begin PBXBuildFile section */
		BA05E8432F314E5C001524DA /* Kingfisher in Frameworks */ = {isa = PBXBuildFile; productRef = BA05E8422F314E5C001524DA /* Kingfisher */; };
		BA05E8462F314E75001524DA /* ConfettiSwiftUI in Frameworks */ = {isa = PBXBuildFile; productRef = BA05E8452F314E75001524DA /* ConfettiSwiftUI */; };
		BA05E8492F314EA6001524DA /* Auth in Frameworks */ = {isa = PBXBuildFile; productRef = BA05E8482F314EA6001524DA /* Auth */; };
		BA05E84B2F314EA6001524DA /* Functions in Frameworks */ = {isa = PBXBuildFile; productRef = BA05E84A2F314EA6001524DA /* Functions */; };
		BA05E84D2F314EA6001524DA /* PostgREST in Frameworks */ = {isa = PBXBuildFile; productRef = BA05E84C2F314EA6001524DA /* PostgREST */; };
		BA05E84F2F314EA6001524DA /* Realtime in Frameworks */ = {isa = PBXBuildFile; productRef = BA05E84E2F314EA6001524DA /* Realtime */; };
		BA05E8512F314EA6001524DA /* Storage in Frameworks */ = {isa = PBXBuildFile; productRef = BA05E8502F314EA6001524DA /* Storage */; };
		BA05E8532F314EA6001524DA /* Supabase in Frameworks */ = {isa = PBXBuildFile; productRef = BA05E8522F314EA6001524DA /* Supabase */; };
/* End PBXBuildFile section */

/* Begin PBXFileReference section */
		BA05E80B2F3100A8001524DA /* LookBook.app */ = {isa = PBXFileReference; explicitFileType = wrapper.application; includeInIndex = 0; path = LookBook.app; sourceTree = BUILT_PRODUCTS_DIR; };
/* End PBXFileReference section */

/* Begin PBXFileSystemSynchronizedRootGroup section */
		BA05E80D2F3100A8001524DA /* LookBook */ = {
			isa = PBXFileSystemSynchronizedRootGroup;
			path = LookBook;
			sourceTree = "<group>";
		};
/* End PBXFileSystemSynchronizedRootGroup section */

/* Begin PBXFrameworksBuildPhase section */
		BA05E8082F3100A8001524DA /* Frameworks */ = {
			isa = PBXFrameworksBuildPhase;
			buildActionMask = 2147483647;
			files = (
				BA05E8462F314E75001524DA /* ConfettiSwiftUI in Frameworks */,
				BA05E8432F314E5C001524DA /* Kingfisher in Frameworks */,
				BA05E8512F314EA6001524DA /* Storage in Frameworks */,
				BA05E84B2F314EA6001524DA /* Functions in Frameworks */,
				BA05E8532F314EA6001524DA /* Supabase in Frameworks */,
				BA05E84F2F314EA6001524DA /* Realtime in Frameworks */,
				BA05E8492F314EA6001524DA /* Auth in Frameworks */,
				BA05E84D2F314EA6001524DA /* PostgREST in Frameworks */,
			);
			runOnlyForDeploymentPostprocessing = 0;
		};
/* End PBXFrameworksBuildPhase section */

/* Begin PBXGroup section */
		BA05E8022F3100A8001524DA = {
			isa = PBXGroup;
			children = (
				BA05E80D2F3100A8001524DA /* LookBook */,
				BA05E8472F314EA6001524DA /* Frameworks */,
				BA05E80C2F3100A8001524DA /* Products */,
			);
			sourceTree = "<group>";
		};
		BA05E80C2F3100A8001524DA /* Products */ = {
			isa = PBXGroup;
			children = (
				BA05E80B2F3100A8001524DA /* LookBook.app */,
			);
			name = Products;
			sourceTree = "<group>";
		};
		BA05E8472F314EA6001524DA /* Frameworks */ = {
			isa = PBXGroup;
			children = (
			);
			name = Frameworks;
			sourceTree = "<group>";
		};
/* End PBXGroup section */

/* Begin PBXNativeTarget section */
		BA05E80A2F3100A8001524DA /* LookBook */ = {
			isa = PBXNativeTarget;
			buildConfigurationList = BA05E8182F3100AB001524DA /* Build configuration list for PBXNativeTarget "LookBook" */;
			buildPhases = (
				BA05E8072F3100A8001524DA /* Sources */,
				BA05E8082F3100A8001524DA /* Frameworks */,
				BA05E8092F3100A8001524DA /* Resources */,
			);
			buildRules = (
			);
			dependencies = (
			);
			fileSystemSynchronizedGroups = (
				BA05E80D2F3100A8001524DA /* LookBook */,
			);
			name = LookBook;
			packageProductDependencies = (
				BA05E8422F314E5C001524DA /* Kingfisher */,
				BA05E8452F314E75001524DA /* ConfettiSwiftUI */,
				BA05E8482F314EA6001524DA /* Auth */,
				BA05E84A2F314EA6001524DA /* Functions */,
				BA05E84C2F314EA6001524DA /* PostgREST */,
				BA05E84E2F314EA6001524DA /* Realtime */,
				BA05E8502F314EA6001524DA /* Storage */,
				BA05E8522F314EA6001524DA /* Supabase */,
			);
			productName = LookBook;
			productReference = BA05E80B2F3100A8001524DA /* LookBook.app */;
			productType = "com.apple.product-type.application";
		};
/* End PBXNativeTarget section */

/* Begin PBXProject section */
		BA05E8032F3100A8001524DA /* Project object */ = {
			isa = PBXProject;
			attributes = {
				BuildIndependentTargetsInParallel = 1;
				LastSwiftUpdateCheck = 2620;
				LastUpgradeCheck = 2620;
				TargetAttributes = {
					BA05E80A2F3100A8001524DA = {
						CreatedOnToolsVersion = 26.2;
					};
				};
			};
			buildConfigurationList = BA05E8062F3100A8001524DA /* Build configuration list for PBXProject "LookBook" */;
			developmentRegion = en;
			hasScannedForEncodings = 0;
			knownRegions = (
				en,
				Base,
			);
			mainGroup = BA05E8022F3100A8001524DA;
			minimizedProjectReferenceProxies = 1;
			packageReferences = (
				BA05E8402F314DF9001524DA /* XCRemoteSwiftPackageReference "supabase-swift" */,
				BA05E8412F314E5C001524DA /* XCRemoteSwiftPackageReference "Kingfisher" */,
				BA05E8442F314E75001524DA /* XCRemoteSwiftPackageReference "ConfettiSwiftUI" */,
			);
			preferredProjectObjectVersion = 77;
			productRefGroup = BA05E80C2F3100A8001524DA /* Products */;
			projectDirPath = "";
			projectRoot = "";
			targets = (
				BA05E80A2F3100A8001524DA /* LookBook */,
			);
		};
/* End PBXProject section */

/* Begin PBXResourcesBuildPhase section */
		BA05E8092F3100A8001524DA /* Resources */ = {
			isa = PBXResourcesBuildPhase;
			buildActionMask = 2147483647;
			files = (
			);
			runOnlyForDeploymentPostprocessing = 0;
		};
/* End PBXResourcesBuildPhase section */

/* Begin PBXSourcesBuildPhase section */
		BA05E8072F3100A8001524DA /* Sources */ = {
			isa = PBXSourcesBuildPhase;
			buildActionMask = 2147483647;
			files = (
			);
			runOnlyForDeploymentPostprocessing = 0;
		};
/* End PBXSourcesBuildPhase section */

/* Begin XCBuildConfiguration section */
		BA05E8162F3100AB001524DA /* Debug */ = {
			isa = XCBuildConfiguration;
			buildSettings = {
				ALWAYS_SEARCH_USER_PATHS = NO;
				ASSETCATALOG_COMPILER_GENERATE_SWIFT_ASSET_SYMBOL_EXTENSIONS = YES;
				CLANG_ANALYZER_NONNULL = YES;
				CLANG_ANALYZER_NUMBER_OBJECT_CONVERSION = YES_AGGRESSIVE;
				CLANG_CXX_LANGUAGE_STANDARD = "gnu++20";
				CLANG_ENABLE_MODULES = YES;
				CLANG_ENABLE_OBJC_ARC = YES;
				CLANG_ENABLE_OBJC_WEAK = YES;
				CLANG_WARN_BLOCK_CAPTURE_AUTORELEASING = YES;
				CLANG_WARN_BOOL_CONVERSION = YES;
				CLANG_WARN_COMMA = YES;
				CLANG_WARN_CONSTANT_CONVERSION = YES;
				CLANG_WARN_DEPRECATED_OBJC_IMPLEMENTATIONS = YES;
				CLANG_WARN_DIRECT_OBJC_ISA_USAGE = YES_ERROR;
				CLANG_WARN_DOCUMENTATION_COMMENTS = YES;
				CLANG_WARN_EMPTY_BODY = YES;
				CLANG_WARN_ENUM_CONVERSION = YES;
				CLANG_WARN_INFINITE_RECURSION = YES;
				CLANG_WARN_INT_CONVERSION = YES;
				CLANG_WARN_NON_LITERAL_NULL_CONVERSION = YES;
				CLANG_WARN_OBJC_IMPLICIT_RETAIN_SELF = YES;
				CLANG_WARN_OBJC_LITERAL_CONVERSION = YES;
				CLANG_WARN_OBJC_ROOT_CLASS = YES_ERROR;
				CLANG_WARN_QUOTED_INCLUDE_IN_FRAMEWORK_HEADER = YES;
				CLANG_WARN_RANGE_LOOP_ANALYSIS = YES;
				CLANG_WARN_STRICT_PROTOTYPES = YES;
				CLANG_WARN_SUSPICIOUS_MOVE = YES;
				CLANG_WARN_UNGUARDED_AVAILABILITY = YES_AGGRESSIVE;
				CLANG_WARN_UNREACHABLE_CODE = YES;
				CLANG_WARN__DUPLICATE_METHOD_MATCH = YES;
				COPY_PHASE_STRIP = NO;
				DEBUG_INFORMATION_FORMAT = dwarf;
				DEVELOPMENT_TEAM = 3YUH34X75L;
				ENABLE_STRICT_OBJC_MSGSEND = YES;
				ENABLE_TESTABILITY = YES;
				ENABLE_USER_SCRIPT_SANDBOXING = YES;
				GCC_C_LANGUAGE_STANDARD = gnu17;
				GCC_DYNAMIC_NO_PIC = NO;
				GCC_NO_COMMON_BLOCKS = YES;
				GCC_OPTIMIZATION_LEVEL = 0;
				GCC_PREPROCESSOR_DEFINITIONS = (
					"DEBUG=1",
					"$(inherited)",
				);
				GCC_WARN_64_TO_32_BIT_CONVERSION = YES;
				GCC_WARN_ABOUT_RETURN_TYPE = YES_ERROR;
				GCC_WARN_UNDECLARED_SELECTOR = YES;
				GCC_WARN_UNINITIALIZED_AUTOS = YES_AGGRESSIVE;
				GCC_WARN_UNUSED_FUNCTION = YES;
				GCC_WARN_UNUSED_VARIABLE = YES;
				IPHONEOS_DEPLOYMENT_TARGET = 26.2;
				LOCALIZATION_PREFERS_STRING_CATALOGS = YES;
				MTL_ENABLE_DEBUG_INFO = INCLUDE_SOURCE;
				MTL_FAST_MATH = YES;
				ONLY_ACTIVE_ARCH = YES;
				SDKROOT = iphoneos;
				SWIFT_ACTIVE_COMPILATION_CONDITIONS = "DEBUG $(inherited)";
				SWIFT_OPTIMIZATION_LEVEL = "-Onone";
			};
			name = Debug;
		};
		BA05E8172F3100AB001524DA /* Release */ = {
			isa = XCBuildConfiguration;
			buildSettings = {
				ALWAYS_SEARCH_USER_PATHS = NO;
				ASSETCATALOG_COMPILER_GENERATE_SWIFT_ASSET_SYMBOL_EXTENSIONS = YES;
				CLANG_ANALYZER_NONNULL = YES;
				CLANG_ANALYZER_NUMBER_OBJECT_CONVERSION = YES_AGGRESSIVE;
				CLANG_CXX_LANGUAGE_STANDARD = "gnu++20";
				CLANG_ENABLE_MODULES = YES;
				CLANG_ENABLE_OBJC_ARC = YES;
				CLANG_ENABLE_OBJC_WEAK = YES;
				CLANG_WARN_BLOCK_CAPTURE_AUTORELEASING = YES;
				CLANG_WARN_BOOL_CONVERSION = YES;
				CLANG_WARN_COMMA = YES;
				CLANG_WARN_CONSTANT_CONVERSION = YES;
				CLANG_WARN_DEPRECATED_OBJC_IMPLEMENTATIONS = YES;
				CLANG_WARN_DIRECT_OBJC_ISA_USAGE = YES_ERROR;
				CLANG_WARN_DOCUMENTATION_COMMENTS = YES;
				CLANG_WARN_EMPTY_BODY = YES;
				CLANG_WARN_ENUM_CONVERSION = YES;
				CLANG_WARN_INFINITE_RECURSION = YES;
				CLANG_WARN_INT_CONVERSION = YES;
				CLANG_WARN_NON_LITERAL_NULL_CONVERSION = YES;
				CLANG_WARN_OBJC_IMPLICIT_RETAIN_SELF = YES;
				CLANG_WARN_OBJC_LITERAL_CONVERSION = YES;
				CLANG_WARN_OBJC_ROOT_CLASS = YES_ERROR;
				CLANG_WARN_QUOTED_INCLUDE_IN_FRAMEWORK_HEADER = YES;
				CLANG_WARN_RANGE_LOOP_ANALYSIS = YES;
				CLANG_WARN_STRICT_PROTOTYPES = YES;
				CLANG_WARN_SUSPICIOUS_MOVE = YES;
				CLANG_WARN_UNGUARDED_AVAILABILITY = YES_AGGRESSIVE;
				CLANG_WARN_UNREACHABLE_CODE = YES;
				CLANG_WARN__DUPLICATE_METHOD_MATCH = YES;
				COPY_PHASE_STRIP = NO;
				DEBUG_INFORMATION_FORMAT = "dwarf-with-dsym";
				DEVELOPMENT_TEAM = 3YUH34X75L;
				ENABLE_NS_ASSERTIONS = NO;
				ENABLE_STRICT_OBJC_MSGSEND = YES;
				ENABLE_USER_SCRIPT_SANDBOXING = YES;
				GCC_C_LANGUAGE_STANDARD = gnu17;
				GCC_NO_COMMON_BLOCKS = YES;
				GCC_WARN_64_TO_32_BIT_CONVERSION = YES;
				GCC_WARN_ABOUT_RETURN_TYPE = YES_ERROR;
				GCC_WARN_UNDECLARED_SELECTOR = YES;
				GCC_WARN_UNINITIALIZED_AUTOS = YES_AGGRESSIVE;
				GCC_WARN_UNUSED_FUNCTION = YES;
				GCC_WARN_UNUSED_VARIABLE = YES;
				IPHONEOS_DEPLOYMENT_TARGET = 26.2;
				LOCALIZATION_PREFERS_STRING_CATALOGS = YES;
				MTL_ENABLE_DEBUG_INFO = NO;
				MTL_FAST_MATH = YES;
				SDKROOT = iphoneos;
				SWIFT_COMPILATION_MODE = wholemodule;
				VALIDATE_PRODUCT = YES;
			};
			name = Release;
		};
		BA05E8192F3100AB001524DA /* Debug */ = {
			isa = XCBuildConfiguration;
			buildSettings = {
				ASSETCATALOG_COMPILER_APPICON_NAME = AppIcon;
				ASSETCATALOG_COMPILER_GLOBAL_ACCENT_COLOR_NAME = AccentColor;
				CODE_SIGN_STYLE = Automatic;
				CURRENT_PROJECT_VERSION = 1;
				DEVELOPMENT_TEAM = 3YUH34X75L;
				ENABLE_PREVIEWS = YES;
				GENERATE_INFOPLIST_FILE = YES;
				INFOPLIST_KEY_UIApplicationSceneManifest_Generation = YES;
				INFOPLIST_KEY_UIApplicationSupportsIndirectInputEvents = YES;
				INFOPLIST_KEY_UILaunchScreen_Generation = YES;
				INFOPLIST_KEY_UISupportedInterfaceOrientations_iPad = "UIInterfaceOrientationPortrait UIInterfaceOrientationPortraitUpsideDown UIInterfaceOrientationLandscapeLeft UIInterfaceOrientationLandscapeRight";
				INFOPLIST_KEY_UISupportedInterfaceOrientations_iPhone = "UIInterfaceOrientationPortrait UIInterfaceOrientationLandscapeLeft UIInterfaceOrientationLandscapeRight";
				LD_RUNPATH_SEARCH_PATHS = (
					"$(inherited)",
					"@executable_path/Frameworks",
				);
				MARKETING_VERSION = 1.0;
				PRODUCT_BUNDLE_IDENTIFIER = com.danology.LookBook;
				PRODUCT_NAME = "$(TARGET_NAME)";
				STRING_CATALOG_GENERATE_SYMBOLS = YES;
				SUPPORTED_PLATFORMS = "iphoneos iphonesimulator";
				SUPPORTS_MACCATALYST = NO;
				SUPPORTS_MAC_DESIGNED_FOR_IPHONE_IPAD = NO;
				SUPPORTS_XR_DESIGNED_FOR_IPHONE_IPAD = NO;
				SWIFT_APPROACHABLE_CONCURRENCY = YES;
				SWIFT_DEFAULT_ACTOR_ISOLATION = MainActor;
				SWIFT_EMIT_LOC_STRINGS = YES;
				SWIFT_UPCOMING_FEATURE_MEMBER_IMPORT_VISIBILITY = YES;
				SWIFT_VERSION = 5.0;
				TARGETED_DEVICE_FAMILY = "1,2";
			};
			name = Debug;
		};
		BA05E81A2F3100AB001524DA /* Release */ = {
			isa = XCBuildConfiguration;
			buildSettings = {
				ASSETCATALOG_COMPILER_APPICON_NAME = AppIcon;
				ASSETCATALOG_COMPILER_GLOBAL_ACCENT_COLOR_NAME = AccentColor;
				CODE_SIGN_STYLE = Automatic;
				CURRENT_PROJECT_VERSION = 1;
				DEVELOPMENT_TEAM = 3YUH34X75L;
				ENABLE_PREVIEWS = YES;
				GENERATE_INFOPLIST_FILE = YES;
				INFOPLIST_KEY_UIApplicationSceneManifest_Generation = YES;
				INFOPLIST_KEY_UIApplicationSupportsIndirectInputEvents = YES;
				INFOPLIST_KEY_UILaunchScreen_Generation = YES;
				INFOPLIST_KEY_UISupportedInterfaceOrientations_iPad = "UIInterfaceOrientationPortrait UIInterfaceOrientationPortraitUpsideDown UIInterfaceOrientationLandscapeLeft UIInterfaceOrientationLandscapeRight";
				INFOPLIST_KEY_UISupportedInterfaceOrientations_iPhone = "UIInterfaceOrientationPortrait UIInterfaceOrientationLandscapeLeft UIInterfaceOrientationLandscapeRight";
				LD_RUNPATH_SEARCH_PATHS = (
					"$(inherited)",
					"@executable_path/Frameworks",
				);
				MARKETING_VERSION = 1.0;
				PRODUCT_BUNDLE_IDENTIFIER = com.danology.LookBook;
				PRODUCT_NAME = "$(TARGET_NAME)";
				STRING_CATALOG_GENERATE_SYMBOLS = YES;
				SUPPORTED_PLATFORMS = "iphoneos iphonesimulator";
				SUPPORTS_MACCATALYST = NO;
				SUPPORTS_MAC_DESIGNED_FOR_IPHONE_IPAD = NO;
				SUPPORTS_XR_DESIGNED_FOR_IPHONE_IPAD = NO;
				SWIFT_APPROACHABLE_CONCURRENCY = YES;
				SWIFT_DEFAULT_ACTOR_ISOLATION = MainActor;
				SWIFT_EMIT_LOC_STRINGS = YES;
				SWIFT_UPCOMING_FEATURE_MEMBER_IMPORT_VISIBILITY = YES;
				SWIFT_VERSION = 5.0;
				TARGETED_DEVICE_FAMILY = "1,2";
			};
			name = Release;
		};
/* End XCBuildConfiguration section */

/* Begin XCConfigurationList section */
		BA05E8062F3100A8001524DA /* Build configuration list for PBXProject "LookBook" */ = {
			isa = XCConfigurationList;
			buildConfigurations = (
				BA05E8162F3100AB001524DA /* Debug */,
				BA05E8172F3100AB001524DA /* Release */,
			);
			defaultConfigurationIsVisible = 0;
			defaultConfigurationName = Release;
		};
		BA05E8182F3100AB001524DA /* Build configuration list for PBXNativeTarget "LookBook" */ = {
			isa = XCConfigurationList;
			buildConfigurations = (
				BA05E8192F3100AB001524DA /* Debug */,
				BA05E81A2F3100AB001524DA /* Release */,
			);
			defaultConfigurationIsVisible = 0;
			defaultConfigurationName = Release;
		};
/* End XCConfigurationList section */

/* Begin XCRemoteSwiftPackageReference section */
		BA05E8402F314DF9001524DA /* XCRemoteSwiftPackageReference "supabase-swift" */ = {
			isa = XCRemoteSwiftPackageReference;
			repositoryURL = "https://github.com/supabase/supabase-swift";
			requirement = {
				kind = upToNextMajorVersion;
				minimumVersion = 2.5.1;
			};
		};
		BA05E8412F314E5C001524DA /* XCRemoteSwiftPackageReference "Kingfisher" */ = {
			isa = XCRemoteSwiftPackageReference;
			repositoryURL = "https://github.com/onevcat/Kingfisher.git";
			requirement = {
				kind = upToNextMajorVersion;
				minimumVersion = 8.6.2;
			};
		};
		BA05E8442F314E75001524DA /* XCRemoteSwiftPackageReference "ConfettiSwiftUI" */ = {
			isa = XCRemoteSwiftPackageReference;
			repositoryURL = "https://github.com/simibac/ConfettiSwiftUI.git";
			requirement = {
				kind = upToNextMajorVersion;
				minimumVersion = 3.0.0;
			};
		};
/* End XCRemoteSwiftPackageReference section */

/* Begin XCSwiftPackageProductDependency section */
		BA05E8422F314E5C001524DA /* Kingfisher */ = {
			isa = XCSwiftPackageProductDependency;
			package = BA05E8412F314E5C001524DA /* XCRemoteSwiftPackageReference "Kingfisher" */;
			productName = Kingfisher;
		};
		BA05E8452F314E75001524DA /* ConfettiSwiftUI */ = {
			isa = XCSwiftPackageProductDependency;
			package = BA05E8442F314E75001524DA /* XCRemoteSwiftPackageReference "ConfettiSwiftUI" */;
			productName = ConfettiSwiftUI;
		};
		BA05E8482F314EA6001524DA /* Auth */ = {
			isa = XCSwiftPackageProductDependency;
			package = BA05E8402F314DF9001524DA /* XCRemoteSwiftPackageReference "supabase-swift" */;
			productName = Auth;
		};
		BA05E84A2F314EA6001524DA /* Functions */ = {
			isa = XCSwiftPackageProductDependency;
			package = BA05E8402F314DF9001524DA /* XCRemoteSwiftPackageReference "supabase-swift" */;
			productName = Functions;
		};
		BA05E84C2F314EA6001524DA /* PostgREST */ = {
			isa = XCSwiftPackageProductDependency;
			package = BA05E8402F314DF9001524DA /* XCRemoteSwiftPackageReference "supabase-swift" */;
			productName = PostgREST;
		};
		BA05E84E2F314EA6001524DA /* Realtime */ = {
			isa = XCSwiftPackageProductDependency;
			package = BA05E8402F314DF9001524DA /* XCRemoteSwiftPackageReference "supabase-swift" */;
			productName = Realtime;
		};
		BA05E8502F314EA6001524DA /* Storage */ = {
			isa = XCSwiftPackageProductDependency;
			package = BA05E8402F314DF9001524DA /* XCRemoteSwiftPackageReference "supabase-swift" */;
			productName = Storage;
		};
		BA05E8522F314EA6001524DA /* Supabase */ = {
			isa = XCSwiftPackageProductDependency;
			package = BA05E8402F314DF9001524DA /* XCRemoteSwiftPackageReference "supabase-swift" */;
			productName = Supabase;
		};
/* End XCSwiftPackageProductDependency section */
	};
	rootObject = BA05E8032F3100A8001524DA /* Project object */;
}
